// !$*UTF8*$!
{
	archiveVersion = 1;
	classes = {
	};
	objectVersion = 46;
	objects = {

/* Begin PBXBuildFile section */
		28577F4B1AC4666C00B62F20 /* main.m in Sources */ = {isa = PBXBuildFile; fileRef = 28577F4A1AC4666C00B62F20 /* main.m */; };
		28577F4E1AC4666C00B62F20 /* AppDelegate.m in Sources */ = {isa = PBXBuildFile; fileRef = 28577F4D1AC4666C00B62F20 /* AppDelegate.m */; };
		28577F511AC4666C00B62F20 /* ViewController.m in Sources */ = {isa = PBXBuildFile; fileRef = 28577F501AC4666C00B62F20 /* ViewController.m */; };
		28577F541AC4666C00B62F20 /* Main.storyboard in Resources */ = {isa = PBXBuildFile; fileRef = 28577F521AC4666C00B62F20 /* Main.storyboard */; };
		28577F561AC4666C00B62F20 /* Images.xcassets in Resources */ = {isa = PBXBuildFile; fileRef = 28577F551AC4666C00B62F20 /* Images.xcassets */; };
		28577F591AC4666C00B62F20 /* LaunchScreen.xib in Resources */ = {isa = PBXBuildFile; fileRef = 28577F571AC4666C00B62F20 /* LaunchScreen.xib */; };
		28577F651AC4666C00B62F20 /* OfficeDogStagramTests.m in Sources */ = {isa = PBXBuildFile; fileRef = 28577F641AC4666C00B62F20 /* OfficeDogStagramTests.m */; };
		28577F821AC468F100B62F20 /* AFHTTPRequestOperation.m in Sources */ = {isa = PBXBuildFile; fileRef = 28577F701AC468F100B62F20 /* AFHTTPRequestOperation.m */; };
		28577F831AC468F100B62F20 /* AFHTTPRequestOperationManager.m in Sources */ = {isa = PBXBuildFile; fileRef = 28577F721AC468F100B62F20 /* AFHTTPRequestOperationManager.m */; };
		28577F841AC468F100B62F20 /* AFHTTPSessionManager.m in Sources */ = {isa = PBXBuildFile; fileRef = 28577F741AC468F100B62F20 /* AFHTTPSessionManager.m */; };
		28577F851AC468F100B62F20 /* AFNetworkReachabilityManager.m in Sources */ = {isa = PBXBuildFile; fileRef = 28577F771AC468F100B62F20 /* AFNetworkReachabilityManager.m */; };
		28577F861AC468F100B62F20 /* AFSecurityPolicy.m in Sources */ = {isa = PBXBuildFile; fileRef = 28577F791AC468F100B62F20 /* AFSecurityPolicy.m */; };
		28577F871AC468F100B62F20 /* AFURLConnectionOperation.m in Sources */ = {isa = PBXBuildFile; fileRef = 28577F7B1AC468F100B62F20 /* AFURLConnectionOperation.m */; };
		28577F881AC468F100B62F20 /* AFURLRequestSerialization.m in Sources */ = {isa = PBXBuildFile; fileRef = 28577F7D1AC468F100B62F20 /* AFURLRequestSerialization.m */; };
		28577F891AC468F100B62F20 /* AFURLResponseSerialization.m in Sources */ = {isa = PBXBuildFile; fileRef = 28577F7F1AC468F100B62F20 /* AFURLResponseSerialization.m */; };
		28577F8A1AC468F100B62F20 /* AFURLSessionManager.m in Sources */ = {isa = PBXBuildFile; fileRef = 28577F811AC468F100B62F20 /* AFURLSessionManager.m */; };
		28577F8D1AC46B0A00B62F20 /* PuppyCollectionViewCell.m in Sources */ = {isa = PBXBuildFile; fileRef = 28577F8C1AC46B0A00B62F20 /* PuppyCollectionViewCell.m */; };
		28577FB01AC46BD000B62F20 /* MKAnnotationView+WebCache.m in Sources */ = {isa = PBXBuildFile; fileRef = 28577F901AC46BD000B62F20 /* MKAnnotationView+WebCache.m */; };
		28577FB11AC46BD000B62F20 /* NSData+ImageContentType.m in Sources */ = {isa = PBXBuildFile; fileRef = 28577F921AC46BD000B62F20 /* NSData+ImageContentType.m */; };
		28577FB21AC46BD000B62F20 /* SDImageCache.m in Sources */ = {isa = PBXBuildFile; fileRef = 28577F941AC46BD000B62F20 /* SDImageCache.m */; };
		28577FB31AC46BD000B62F20 /* SDWebImageCompat.m in Sources */ = {isa = PBXBuildFile; fileRef = 28577F961AC46BD000B62F20 /* SDWebImageCompat.m */; };
		28577FB41AC46BD000B62F20 /* SDWebImageDecoder.m in Sources */ = {isa = PBXBuildFile; fileRef = 28577F981AC46BD000B62F20 /* SDWebImageDecoder.m */; };
		28577FB51AC46BD000B62F20 /* SDWebImageDownloader.m in Sources */ = {isa = PBXBuildFile; fileRef = 28577F9A1AC46BD000B62F20 /* SDWebImageDownloader.m */; };
		28577FB61AC46BD000B62F20 /* SDWebImageDownloaderOperation.m in Sources */ = {isa = PBXBuildFile; fileRef = 28577F9C1AC46BD000B62F20 /* SDWebImageDownloaderOperation.m */; };
		28577FB71AC46BD000B62F20 /* SDWebImageManager.m in Sources */ = {isa = PBXBuildFile; fileRef = 28577F9E1AC46BD000B62F20 /* SDWebImageManager.m */; };
		28577FB81AC46BD000B62F20 /* SDWebImagePrefetcher.m in Sources */ = {isa = PBXBuildFile; fileRef = 28577FA11AC46BD000B62F20 /* SDWebImagePrefetcher.m */; };
		28577FB91AC46BD000B62F20 /* UIButton+WebCache.m in Sources */ = {isa = PBXBuildFile; fileRef = 28577FA31AC46BD000B62F20 /* UIButton+WebCache.m */; };
		28577FBA1AC46BD000B62F20 /* UIImage+GIF.m in Sources */ = {isa = PBXBuildFile; fileRef = 28577FA51AC46BD000B62F20 /* UIImage+GIF.m */; };
		28577FBB1AC46BD000B62F20 /* UIImage+MultiFormat.m in Sources */ = {isa = PBXBuildFile; fileRef = 28577FA71AC46BD000B62F20 /* UIImage+MultiFormat.m */; };
		28577FBC1AC46BD000B62F20 /* UIImage+WebP.m in Sources */ = {isa = PBXBuildFile; fileRef = 28577FA91AC46BD000B62F20 /* UIImage+WebP.m */; };
		28577FBD1AC46BD000B62F20 /* UIImageView+HighlightedWebCache.m in Sources */ = {isa = PBXBuildFile; fileRef = 28577FAB1AC46BD000B62F20 /* UIImageView+HighlightedWebCache.m */; };
		28577FBE1AC46BD000B62F20 /* UIImageView+WebCache.m in Sources */ = {isa = PBXBuildFile; fileRef = 28577FAD1AC46BD000B62F20 /* UIImageView+WebCache.m */; };
		28577FBF1AC46BD000B62F20 /* UIView+WebCacheOperation.m in Sources */ = {isa = PBXBuildFile; fileRef = 28577FAF1AC46BD000B62F20 /* UIView+WebCacheOperation.m */; };
/* End PBXBuildFile section */

/* Begin PBXContainerItemProxy section */
		28577F5F1AC4666C00B62F20 /* PBXContainerItemProxy */ = {
			isa = PBXContainerItemProxy;
			containerPortal = 28577F3D1AC4666C00B62F20 /* Project object */;
			proxyType = 1;
			remoteGlobalIDString = 28577F441AC4666C00B62F20;
			remoteInfo = OfficeDogStagram;
		};
/* End PBXContainerItemProxy section */

/* Begin PBXFileReference section */
		28577F451AC4666C00B62F20 /* OfficeDogStagram.app */ = {isa = PBXFileReference; explicitFileType = wrapper.application; includeInIndex = 0; path = OfficeDogStagram.app; sourceTree = BUILT_PRODUCTS_DIR; };
		28577F491AC4666C00B62F20 /* Info.plist */ = {isa = PBXFileReference; lastKnownFileType = text.plist.xml; path = Info.plist; sourceTree = "<group>"; };
		28577F4A1AC4666C00B62F20 /* main.m */ = {isa = PBXFileReference; lastKnownFileType = sourcecode.c.objc; path = main.m; sourceTree = "<group>"; };
		28577F4C1AC4666C00B62F20 /* AppDelegate.h */ = {isa = PBXFileReference; lastKnownFileType = sourcecode.c.h; path = AppDelegate.h; sourceTree = "<group>"; };
		28577F4D1AC4666C00B62F20 /* AppDelegate.m */ = {isa = PBXFileReference; lastKnownFileType = sourcecode.c.objc; path = AppDelegate.m; sourceTree = "<group>"; };
		28577F4F1AC4666C00B62F20 /* ViewController.h */ = {isa = PBXFileReference; lastKnownFileType = sourcecode.c.h; path = ViewController.h; sourceTree = "<group>"; };
		28577F501AC4666C00B62F20 /* ViewController.m */ = {isa = PBXFileReference; lastKnownFileType = sourcecode.c.objc; path = ViewController.m; sourceTree = "<group>"; };
		28577F531AC4666C00B62F20 /* Base */ = {isa = PBXFileReference; lastKnownFileType = file.storyboard; name = Base; path = Base.lproj/Main.storyboard; sourceTree = "<group>"; };
		28577F551AC4666C00B62F20 /* Images.xcassets */ = {isa = PBXFileReference; lastKnownFileType = folder.assetcatalog; path = Images.xcassets; sourceTree = "<group>"; };
		28577F581AC4666C00B62F20 /* Base */ = {isa = PBXFileReference; lastKnownFileType = file.xib; name = Base; path = Base.lproj/LaunchScreen.xib; sourceTree = "<group>"; };
		28577F5E1AC4666C00B62F20 /* OfficeDogStagramTests.xctest */ = {isa = PBXFileReference; explicitFileType = wrapper.cfbundle; includeInIndex = 0; path = OfficeDogStagramTests.xctest; sourceTree = BUILT_PRODUCTS_DIR; };
		28577F631AC4666C00B62F20 /* Info.plist */ = {isa = PBXFileReference; lastKnownFileType = text.plist.xml; path = Info.plist; sourceTree = "<group>"; };
		28577F641AC4666C00B62F20 /* OfficeDogStagramTests.m */ = {isa = PBXFileReference; lastKnownFileType = sourcecode.c.objc; path = OfficeDogStagramTests.m; sourceTree = "<group>"; };
		28577F6F1AC468F100B62F20 /* AFHTTPRequestOperation.h */ = {isa = PBXFileReference; fileEncoding = 4; lastKnownFileType = sourcecode.c.h; path = AFHTTPRequestOperation.h; sourceTree = "<group>"; };
		28577F701AC468F100B62F20 /* AFHTTPRequestOperation.m */ = {isa = PBXFileReference; fileEncoding = 4; lastKnownFileType = sourcecode.c.objc; path = AFHTTPRequestOperation.m; sourceTree = "<group>"; };
		28577F711AC468F100B62F20 /* AFHTTPRequestOperationManager.h */ = {isa = PBXFileReference; fileEncoding = 4; lastKnownFileType = sourcecode.c.h; path = AFHTTPRequestOperationManager.h; sourceTree = "<group>"; };
		28577F721AC468F100B62F20 /* AFHTTPRequestOperationManager.m */ = {isa = PBXFileReference; fileEncoding = 4; lastKnownFileType = sourcecode.c.objc; path = AFHTTPRequestOperationManager.m; sourceTree = "<group>"; };
		28577F731AC468F100B62F20 /* AFHTTPSessionManager.h */ = {isa = PBXFileReference; fileEncoding = 4; lastKnownFileType = sourcecode.c.h; path = AFHTTPSessionManager.h; sourceTree = "<group>"; };
		28577F741AC468F100B62F20 /* AFHTTPSessionManager.m */ = {isa = PBXFileReference; fileEncoding = 4; lastKnownFileType = sourcecode.c.objc; path = AFHTTPSessionManager.m; sourceTree = "<group>"; };
		28577F751AC468F100B62F20 /* AFNetworking.h */ = {isa = PBXFileReference; fileEncoding = 4; lastKnownFileType = sourcecode.c.h; path = AFNetworking.h; sourceTree = "<group>"; };
		28577F761AC468F100B62F20 /* AFNetworkReachabilityManager.h */ = {isa = PBXFileReference; fileEncoding = 4; lastKnownFileType = sourcecode.c.h; path = AFNetworkReachabilityManager.h; sourceTree = "<group>"; };
		28577F771AC468F100B62F20 /* AFNetworkReachabilityManager.m */ = {isa = PBXFileReference; fileEncoding = 4; lastKnownFileType = sourcecode.c.objc; path = AFNetworkReachabilityManager.m; sourceTree = "<group>"; };
		28577F781AC468F100B62F20 /* AFSecurityPolicy.h */ = {isa = PBXFileReference; fileEncoding = 4; lastKnownFileType = sourcecode.c.h; path = AFSecurityPolicy.h; sourceTree = "<group>"; };
		28577F791AC468F100B62F20 /* AFSecurityPolicy.m */ = {isa = PBXFileReference; fileEncoding = 4; lastKnownFileType = sourcecode.c.objc; path = AFSecurityPolicy.m; sourceTree = "<group>"; };
		28577F7A1AC468F100B62F20 /* AFURLConnectionOperation.h */ = {isa = PBXFileReference; fileEncoding = 4; lastKnownFileType = sourcecode.c.h; path = AFURLConnectionOperation.h; sourceTree = "<group>"; };
		28577F7B1AC468F100B62F20 /* AFURLConnectionOperation.m */ = {isa = PBXFileReference; fileEncoding = 4; lastKnownFileType = sourcecode.c.objc; path = AFURLConnectionOperation.m; sourceTree = "<group>"; };
		28577F7C1AC468F100B62F20 /* AFURLRequestSerialization.h */ = {isa = PBXFileReference; fileEncoding = 4; lastKnownFileType = sourcecode.c.h; path = AFURLRequestSerialization.h; sourceTree = "<group>"; };
		28577F7D1AC468F100B62F20 /* AFURLRequestSerialization.m */ = {isa = PBXFileReference; fileEncoding = 4; lastKnownFileType = sourcecode.c.objc; path = AFURLRequestSerialization.m; sourceTree = "<group>"; };
		28577F7E1AC468F100B62F20 /* AFURLResponseSerialization.h */ = {isa = PBXFileReference; fileEncoding = 4; lastKnownFileType = sourcecode.c.h; path = AFURLResponseSerialization.h; sourceTree = "<group>"; };
		28577F7F1AC468F100B62F20 /* AFURLResponseSerialization.m */ = {isa = PBXFileReference; fileEncoding = 4; lastKnownFileType = sourcecode.c.objc; path = AFURLResponseSerialization.m; sourceTree = "<group>"; };
		28577F801AC468F100B62F20 /* AFURLSessionManager.h */ = {isa = PBXFileReference; fileEncoding = 4; lastKnownFileType = sourcecode.c.h; path = AFURLSessionManager.h; sourceTree = "<group>"; };
		28577F811AC468F100B62F20 /* AFURLSessionManager.m */ = {isa = PBXFileReference; fileEncoding = 4; lastKnownFileType = sourcecode.c.objc; path = AFURLSessionManager.m; sourceTree = "<group>"; };
		28577F8B1AC46B0A00B62F20 /* PuppyCollectionViewCell.h */ = {isa = PBXFileReference; fileEncoding = 4; lastKnownFileType = sourcecode.c.h; path = PuppyCollectionViewCell.h; sourceTree = "<group>"; };
		28577F8C1AC46B0A00B62F20 /* PuppyCollectionViewCell.m */ = {isa = PBXFileReference; fileEncoding = 4; lastKnownFileType = sourcecode.c.objc; path = PuppyCollectionViewCell.m; sourceTree = "<group>"; };
		28577F8F1AC46BD000B62F20 /* MKAnnotationView+WebCache.h */ = {isa = PBXFileReference; fileEncoding = 4; lastKnownFileType = sourcecode.c.h; path = "MKAnnotationView+WebCache.h"; sourceTree = "<group>"; };
		28577F901AC46BD000B62F20 /* MKAnnotationView+WebCache.m */ = {isa = PBXFileReference; fileEncoding = 4; lastKnownFileType = sourcecode.c.objc; path = "MKAnnotationView+WebCache.m"; sourceTree = "<group>"; };
		28577F911AC46BD000B62F20 /* NSData+ImageContentType.h */ = {isa = PBXFileReference; fileEncoding = 4; lastKnownFileType = sourcecode.c.h; path = "NSData+ImageContentType.h"; sourceTree = "<group>"; };
		28577F921AC46BD000B62F20 /* NSData+ImageContentType.m */ = {isa = PBXFileReference; fileEncoding = 4; lastKnownFileType = sourcecode.c.objc; path = "NSData+ImageContentType.m"; sourceTree = "<group>"; };
		28577F931AC46BD000B62F20 /* SDImageCache.h */ = {isa = PBXFileReference; fileEncoding = 4; lastKnownFileType = sourcecode.c.h; path = SDImageCache.h; sourceTree = "<group>"; };
		28577F941AC46BD000B62F20 /* SDImageCache.m */ = {isa = PBXFileReference; fileEncoding = 4; lastKnownFileType = sourcecode.c.objc; path = SDImageCache.m; sourceTree = "<group>"; };
		28577F951AC46BD000B62F20 /* SDWebImageCompat.h */ = {isa = PBXFileReference; fileEncoding = 4; lastKnownFileType = sourcecode.c.h; path = SDWebImageCompat.h; sourceTree = "<group>"; };
		28577F961AC46BD000B62F20 /* SDWebImageCompat.m */ = {isa = PBXFileReference; fileEncoding = 4; lastKnownFileType = sourcecode.c.objc; path = SDWebImageCompat.m; sourceTree = "<group>"; };
		28577F971AC46BD000B62F20 /* SDWebImageDecoder.h */ = {isa = PBXFileReference; fileEncoding = 4; lastKnownFileType = sourcecode.c.h; path = SDWebImageDecoder.h; sourceTree = "<group>"; };
		28577F981AC46BD000B62F20 /* SDWebImageDecoder.m */ = {isa = PBXFileReference; fileEncoding = 4; lastKnownFileType = sourcecode.c.objc; path = SDWebImageDecoder.m; sourceTree = "<group>"; };
		28577F991AC46BD000B62F20 /* SDWebImageDownloader.h */ = {isa = PBXFileReference; fileEncoding = 4; lastKnownFileType = sourcecode.c.h; path = SDWebImageDownloader.h; sourceTree = "<group>"; };
		28577F9A1AC46BD000B62F20 /* SDWebImageDownloader.m */ = {isa = PBXFileReference; fileEncoding = 4; lastKnownFileType = sourcecode.c.objc; path = SDWebImageDownloader.m; sourceTree = "<group>"; };
		28577F9B1AC46BD000B62F20 /* SDWebImageDownloaderOperation.h */ = {isa = PBXFileReference; fileEncoding = 4; lastKnownFileType = sourcecode.c.h; path = SDWebImageDownloaderOperation.h; sourceTree = "<group>"; };
		28577F9C1AC46BD000B62F20 /* SDWebImageDownloaderOperation.m */ = {isa = PBXFileReference; fileEncoding = 4; lastKnownFileType = sourcecode.c.objc; path = SDWebImageDownloaderOperation.m; sourceTree = "<group>"; };
		28577F9D1AC46BD000B62F20 /* SDWebImageManager.h */ = {isa = PBXFileReference; fileEncoding = 4; lastKnownFileType = sourcecode.c.h; path = SDWebImageManager.h; sourceTree = "<group>"; };
		28577F9E1AC46BD000B62F20 /* SDWebImageManager.m */ = {isa = PBXFileReference; fileEncoding = 4; lastKnownFileType = sourcecode.c.objc; path = SDWebImageManager.m; sourceTree = "<group>"; };
		28577F9F1AC46BD000B62F20 /* SDWebImageOperation.h */ = {isa = PBXFileReference; fileEncoding = 4; lastKnownFileType = sourcecode.c.h; path = SDWebImageOperation.h; sourceTree = "<group>"; };
		28577FA01AC46BD000B62F20 /* SDWebImagePrefetcher.h */ = {isa = PBXFileReference; fileEncoding = 4; lastKnownFileType = sourcecode.c.h; path = SDWebImagePrefetcher.h; sourceTree = "<group>"; };
		28577FA11AC46BD000B62F20 /* SDWebImagePrefetcher.m */ = {isa = PBXFileReference; fileEncoding = 4; lastKnownFileType = sourcecode.c.objc; path = SDWebImagePrefetcher.m; sourceTree = "<group>"; };
		28577FA21AC46BD000B62F20 /* UIButton+WebCache.h */ = {isa = PBXFileReference; fileEncoding = 4; lastKnownFileType = sourcecode.c.h; path = "UIButton+WebCache.h"; sourceTree = "<group>"; };
		28577FA31AC46BD000B62F20 /* UIButton+WebCache.m */ = {isa = PBXFileReference; fileEncoding = 4; lastKnownFileType = sourcecode.c.objc; path = "UIButton+WebCache.m"; sourceTree = "<group>"; };
		28577FA41AC46BD000B62F20 /* UIImage+GIF.h */ = {isa = PBXFileReference; fileEncoding = 4; lastKnownFileType = sourcecode.c.h; path = "UIImage+GIF.h"; sourceTree = "<group>"; };
		28577FA51AC46BD000B62F20 /* UIImage+GIF.m */ = {isa = PBXFileReference; fileEncoding = 4; lastKnownFileType = sourcecode.c.objc; path = "UIImage+GIF.m"; sourceTree = "<group>"; };
		28577FA61AC46BD000B62F20 /* UIImage+MultiFormat.h */ = {isa = PBXFileReference; fileEncoding = 4; lastKnownFileType = sourcecode.c.h; path = "UIImage+MultiFormat.h"; sourceTree = "<group>"; };
		28577FA71AC46BD000B62F20 /* UIImage+MultiFormat.m */ = {isa = PBXFileReference; fileEncoding = 4; lastKnownFileType = sourcecode.c.objc; path = "UIImage+MultiFormat.m"; sourceTree = "<group>"; };
		28577FA81AC46BD000B62F20 /* UIImage+WebP.h */ = {isa = PBXFileReference; fileEncoding = 4; lastKnownFileType = sourcecode.c.h; path = "UIImage+WebP.h"; sourceTree = "<group>"; };
		28577FA91AC46BD000B62F20 /* UIImage+WebP.m */ = {isa = PBXFileReference; fileEncoding = 4; lastKnownFileType = sourcecode.c.objc; path = "UIImage+WebP.m"; sourceTree = "<group>"; };
		28577FAA1AC46BD000B62F20 /* UIImageView+HighlightedWebCache.h */ = {isa = PBXFileReference; fileEncoding = 4; lastKnownFileType = sourcecode.c.h; path = "UIImageView+HighlightedWebCache.h"; sourceTree = "<group>"; };
		28577FAB1AC46BD000B62F20 /* UIImageView+HighlightedWebCache.m */ = {isa = PBXFileReference; fileEncoding = 4; lastKnownFileType = sourcecode.c.objc; path = "UIImageView+HighlightedWebCache.m"; sourceTree = "<group>"; };
		28577FAC1AC46BD000B62F20 /* UIImageView+WebCache.h */ = {isa = PBXFileReference; fileEncoding = 4; lastKnownFileType = sourcecode.c.h; path = "UIImageView+WebCache.h"; sourceTree = "<group>"; };
		28577FAD1AC46BD000B62F20 /* UIImageView+WebCache.m */ = {isa = PBXFileReference; fileEncoding = 4; lastKnownFileType = sourcecode.c.objc; path = "UIImageView+WebCache.m"; sourceTree = "<group>"; };
		28577FAE1AC46BD000B62F20 /* UIView+WebCacheOperation.h */ = {isa = PBXFileReference; fileEncoding = 4; lastKnownFileType = sourcecode.c.h; path = "UIView+WebCacheOperation.h"; sourceTree = "<group>"; };
		28577FAF1AC46BD000B62F20 /* UIView+WebCacheOperation.m */ = {isa = PBXFileReference; fileEncoding = 4; lastKnownFileType = sourcecode.c.objc; path = "UIView+WebCacheOperation.m"; sourceTree = "<group>"; };
/* End PBXFileReference section */

/* Begin PBXFrameworksBuildPhase section */
		28577F421AC4666C00B62F20 /* Frameworks */ = {
			isa = PBXFrameworksBuildPhase;
			buildActionMask = 2147483647;
			files = (
			);
			runOnlyForDeploymentPostprocessing = 0;
		};
		28577F5B1AC4666C00B62F20 /* Frameworks */ = {
			isa = PBXFrameworksBuildPhase;
			buildActionMask = 2147483647;
			files = (
			);
			runOnlyForDeploymentPostprocessing = 0;
		};
/* End PBXFrameworksBuildPhase section */

/* Begin PBXGroup section */
		28577F3C1AC4666C00B62F20 = {
			isa = PBXGroup;
			children = (
				28577F471AC4666C00B62F20 /* OfficeDogStagram */,
				28577F611AC4666C00B62F20 /* OfficeDogStagramTests */,
				28577F461AC4666C00B62F20 /* Products */,
			);
			sourceTree = "<group>";
		};
		28577F461AC4666C00B62F20 /* Products */ = {
			isa = PBXGroup;
			children = (
				28577F451AC4666C00B62F20 /* OfficeDogStagram.app */,
				28577F5E1AC4666C00B62F20 /* OfficeDogStagramTests.xctest */,
			);
			name = Products;
			sourceTree = "<group>";
		};
		28577F471AC4666C00B62F20 /* OfficeDogStagram */ = {
			isa = PBXGroup;
			children = (
				28577F8E1AC46BD000B62F20 /* SDWebImage */,
				28577F6E1AC468F100B62F20 /* AFNetworking */,
				28577F4C1AC4666C00B62F20 /* AppDelegate.h */,
				28577F4D1AC4666C00B62F20 /* AppDelegate.m */,
				28577F4F1AC4666C00B62F20 /* ViewController.h */,
				28577F501AC4666C00B62F20 /* ViewController.m */,
				28577F521AC4666C00B62F20 /* Main.storyboard */,
				28577F551AC4666C00B62F20 /* Images.xcassets */,
				28577F571AC4666C00B62F20 /* LaunchScreen.xib */,
				28577F481AC4666C00B62F20 /* Supporting Files */,
				28577F8B1AC46B0A00B62F20 /* PuppyCollectionViewCell.h */,
				28577F8C1AC46B0A00B62F20 /* PuppyCollectionViewCell.m */,
			);
			path = OfficeDogStagram;
			sourceTree = "<group>";
		};
		28577F481AC4666C00B62F20 /* Supporting Files */ = {
			isa = PBXGroup;
			children = (
				28577F491AC4666C00B62F20 /* Info.plist */,
				28577F4A1AC4666C00B62F20 /* main.m */,
			);
			name = "Supporting Files";
			sourceTree = "<group>";
		};
		28577F611AC4666C00B62F20 /* OfficeDogStagramTests */ = {
			isa = PBXGroup;
			children = (
				28577F641AC4666C00B62F20 /* OfficeDogStagramTests.m */,
				28577F621AC4666C00B62F20 /* Supporting Files */,
			);
			path = OfficeDogStagramTests;
			sourceTree = "<group>";
		};
		28577F621AC4666C00B62F20 /* Supporting Files */ = {
			isa = PBXGroup;
			children = (
				28577F631AC4666C00B62F20 /* Info.plist */,
			);
			name = "Supporting Files";
			sourceTree = "<group>";
		};
		28577F6E1AC468F100B62F20 /* AFNetworking */ = {
			isa = PBXGroup;
			children = (
				28577F6F1AC468F100B62F20 /* AFHTTPRequestOperation.h */,
				28577F701AC468F100B62F20 /* AFHTTPRequestOperation.m */,
				28577F711AC468F100B62F20 /* AFHTTPRequestOperationManager.h */,
				28577F721AC468F100B62F20 /* AFHTTPRequestOperationManager.m */,
				28577F731AC468F100B62F20 /* AFHTTPSessionManager.h */,
				28577F741AC468F100B62F20 /* AFHTTPSessionManager.m */,
				28577F751AC468F100B62F20 /* AFNetworking.h */,
				28577F761AC468F100B62F20 /* AFNetworkReachabilityManager.h */,
				28577F771AC468F100B62F20 /* AFNetworkReachabilityManager.m */,
				28577F781AC468F100B62F20 /* AFSecurityPolicy.h */,
				28577F791AC468F100B62F20 /* AFSecurityPolicy.m */,
				28577F7A1AC468F100B62F20 /* AFURLConnectionOperation.h */,
				28577F7B1AC468F100B62F20 /* AFURLConnectionOperation.m */,
				28577F7C1AC468F100B62F20 /* AFURLRequestSerialization.h */,
				28577F7D1AC468F100B62F20 /* AFURLRequestSerialization.m */,
				28577F7E1AC468F100B62F20 /* AFURLResponseSerialization.h */,
				28577F7F1AC468F100B62F20 /* AFURLResponseSerialization.m */,
				28577F801AC468F100B62F20 /* AFURLSessionManager.h */,
				28577F811AC468F100B62F20 /* AFURLSessionManager.m */,
			);
			path = AFNetworking;
			sourceTree = "<group>";
		};
		28577F8E1AC46BD000B62F20 /* SDWebImage */ = {
			isa = PBXGroup;
			children = (
				28577F8F1AC46BD000B62F20 /* MKAnnotationView+WebCache.h */,
				28577F901AC46BD000B62F20 /* MKAnnotationView+WebCache.m */,
				28577F911AC46BD000B62F20 /* NSData+ImageContentType.h */,
				28577F921AC46BD000B62F20 /* NSData+ImageContentType.m */,
				28577F931AC46BD000B62F20 /* SDImageCache.h */,
				28577F941AC46BD000B62F20 /* SDImageCache.m */,
				28577F951AC46BD000B62F20 /* SDWebImageCompat.h */,
				28577F961AC46BD000B62F20 /* SDWebImageCompat.m */,
				28577F971AC46BD000B62F20 /* SDWebImageDecoder.h */,
				28577F981AC46BD000B62F20 /* SDWebImageDecoder.m */,
				28577F991AC46BD000B62F20 /* SDWebImageDownloader.h */,
				28577F9A1AC46BD000B62F20 /* SDWebImageDownloader.m */,
				28577F9B1AC46BD000B62F20 /* SDWebImageDownloaderOperation.h */,
				28577F9C1AC46BD000B62F20 /* SDWebImageDownloaderOperation.m */,
				28577F9D1AC46BD000B62F20 /* SDWebImageManager.h */,
				28577F9E1AC46BD000B62F20 /* SDWebImageManager.m */,
				28577F9F1AC46BD000B62F20 /* SDWebImageOperation.h */,
				28577FA01AC46BD000B62F20 /* SDWebImagePrefetcher.h */,
				28577FA11AC46BD000B62F20 /* SDWebImagePrefetcher.m */,
				28577FA21AC46BD000B62F20 /* UIButton+WebCache.h */,
				28577FA31AC46BD000B62F20 /* UIButton+WebCache.m */,
				28577FA41AC46BD000B62F20 /* UIImage+GIF.h */,
				28577FA51AC46BD000B62F20 /* UIImage+GIF.m */,
				28577FA61AC46BD000B62F20 /* UIImage+MultiFormat.h */,
				28577FA71AC46BD000B62F20 /* UIImage+MultiFormat.m */,
				28577FA81AC46BD000B62F20 /* UIImage+WebP.h */,
				28577FA91AC46BD000B62F20 /* UIImage+WebP.m */,
				28577FAA1AC46BD000B62F20 /* UIImageView+HighlightedWebCache.h */,
				28577FAB1AC46BD000B62F20 /* UIImageView+HighlightedWebCache.m */,
				28577FAC1AC46BD000B62F20 /* UIImageView+WebCache.h */,
				28577FAD1AC46BD000B62F20 /* UIImageView+WebCache.m */,
				28577FAE1AC46BD000B62F20 /* UIView+WebCacheOperation.h */,
				28577FAF1AC46BD000B62F20 /* UIView+WebCacheOperation.m */,
			);
			path = SDWebImage;
			sourceTree = "<group>";
		};
/* End PBXGroup section */

/* Begin PBXNativeTarget section */
		28577F441AC4666C00B62F20 /* OfficeDogStagram */ = {
			isa = PBXNativeTarget;
			buildConfigurationList = 28577F681AC4666C00B62F20 /* Build configuration list for PBXNativeTarget "OfficeDogStagram" */;
			buildPhases = (
				28577F411AC4666C00B62F20 /* Sources */,
				28577F421AC4666C00B62F20 /* Frameworks */,
				28577F431AC4666C00B62F20 /* Resources */,
			);
			buildRules = (
			);
			dependencies = (
			);
			name = OfficeDogStagram;
			productName = OfficeDogStagram;
			productReference = 28577F451AC4666C00B62F20 /* OfficeDogStagram.app */;
			productType = "com.apple.product-type.application";
		};
		28577F5D1AC4666C00B62F20 /* OfficeDogStagramTests */ = {
			isa = PBXNativeTarget;
			buildConfigurationList = 28577F6B1AC4666C00B62F20 /* Build configuration list for PBXNativeTarget "OfficeDogStagramTests" */;
			buildPhases = (
				28577F5A1AC4666C00B62F20 /* Sources */,
				28577F5B1AC4666C00B62F20 /* Frameworks */,
				28577F5C1AC4666C00B62F20 /* Resources */,
			);
			buildRules = (
			);
			dependencies = (
				28577F601AC4666C00B62F20 /* PBXTargetDependency */,
			);
			name = OfficeDogStagramTests;
			productName = OfficeDogStagramTests;
			productReference = 28577F5E1AC4666C00B62F20 /* OfficeDogStagramTests.xctest */;
			productType = "com.apple.product-type.bundle.unit-test";
		};
/* End PBXNativeTarget section */

/* Begin PBXProject section */
		28577F3D1AC4666C00B62F20 /* Project object */ = {
			isa = PBXProject;
			attributes = {
				LastUpgradeCheck = 0610;
				ORGANIZATIONNAME = "Ian MacKinnon";
				TargetAttributes = {
					28577F441AC4666C00B62F20 = {
						CreatedOnToolsVersion = 6.1.1;
					};
					28577F5D1AC4666C00B62F20 = {
						CreatedOnToolsVersion = 6.1.1;
						TestTargetID = 28577F441AC4666C00B62F20;
					};
				};
			};
			buildConfigurationList = 28577F401AC4666C00B62F20 /* Build configuration list for PBXProject "OfficeDogStagram" */;
			compatibilityVersion = "Xcode 3.2";
			developmentRegion = English;
			hasScannedForEncodings = 0;
			knownRegions = (
				en,
				Base,
			);
			mainGroup = 28577F3C1AC4666C00B62F20;
			productRefGroup = 28577F461AC4666C00B62F20 /* Products */;
			projectDirPath = "";
			projectRoot = "";
			targets = (
				28577F441AC4666C00B62F20 /* OfficeDogStagram */,
				28577F5D1AC4666C00B62F20 /* OfficeDogStagramTests */,
			);
		};
/* End PBXProject section */

/* Begin PBXResourcesBuildPhase section */
		28577F431AC4666C00B62F20 /* Resources */ = {
			isa = PBXResourcesBuildPhase;
			buildActionMask = 2147483647;
			files = (
				28577F541AC4666C00B62F20 /* Main.storyboard in Resources */,
				28577F591AC4666C00B62F20 /* LaunchScreen.xib in Resources */,
				28577F561AC4666C00B62F20 /* Images.xcassets in Resources */,
			);
			runOnlyForDeploymentPostprocessing = 0;
		};
		28577F5C1AC4666C00B62F20 /* Resources */ = {
			isa = PBXResourcesBuildPhase;
			buildActionMask = 2147483647;
			files = (
			);
			runOnlyForDeploymentPostprocessing = 0;
		};
/* End PBXResourcesBuildPhase section */

/* Begin PBXSourcesBuildPhase section */
		28577F411AC4666C00B62F20 /* Sources */ = {
			isa = PBXSourcesBuildPhase;
			buildActionMask = 2147483647;
			files = (
				28577F821AC468F100B62F20 /* AFHTTPRequestOperation.m in Sources */,
				28577FBC1AC46BD000B62F20 /* UIImage+WebP.m in Sources */,
				28577F511AC4666C00B62F20 /* ViewController.m in Sources */,
				28577F831AC468F100B62F20 /* AFHTTPRequestOperationManager.m in Sources */,
				28577F851AC468F100B62F20 /* AFNetworkReachabilityManager.m in Sources */,
				28577F891AC468F100B62F20 /* AFURLResponseSerialization.m in Sources */,
				28577F871AC468F100B62F20 /* AFURLConnectionOperation.m in Sources */,
				28577FB61AC46BD000B62F20 /* SDWebImageDownloaderOperation.m in Sources */,
				28577F861AC468F100B62F20 /* AFSecurityPolicy.m in Sources */,
				28577FB21AC46BD000B62F20 /* SDImageCache.m in Sources */,
				28577F8D1AC46B0A00B62F20 /* PuppyCollectionViewCell.m in Sources */,
				28577F841AC468F100B62F20 /* AFHTTPSessionManager.m in Sources */,
				28577F881AC468F100B62F20 /* AFURLRequestSerialization.m in Sources */,
				28577FB31AC46BD000B62F20 /* SDWebImageCompat.m in Sources */,
				28577FB11AC46BD000B62F20 /* NSData+ImageContentType.m in Sources */,
				28577F8A1AC468F100B62F20 /* AFURLSessionManager.m in Sources */,
				28577FB71AC46BD000B62F20 /* SDWebImageManager.m in Sources */,
				28577FB51AC46BD000B62F20 /* SDWebImageDownloader.m in Sources */,
				28577FBE1AC46BD000B62F20 /* UIImageView+WebCache.m in Sources */,
				28577FBD1AC46BD000B62F20 /* UIImageView+HighlightedWebCache.m in Sources */,
				28577FB01AC46BD000B62F20 /* MKAnnotationView+WebCache.m in Sources */,
				28577FBA1AC46BD000B62F20 /* UIImage+GIF.m in Sources */,
				28577F4E1AC4666C00B62F20 /* AppDelegate.m in Sources */,
				28577FB81AC46BD000B62F20 /* SDWebImagePrefetcher.m in Sources */,
				28577FB91AC46BD000B62F20 /* UIButton+WebCache.m in Sources */,
				28577FBB1AC46BD000B62F20 /* UIImage+MultiFormat.m in Sources */,
				28577FB41AC46BD000B62F20 /* SDWebImageDecoder.m in Sources */,
				28577FBF1AC46BD000B62F20 /* UIView+WebCacheOperation.m in Sources */,
				28577F4B1AC4666C00B62F20 /* main.m in Sources */,
			);
			runOnlyForDeploymentPostprocessing = 0;
		};
		28577F5A1AC4666C00B62F20 /* Sources */ = {
			isa = PBXSourcesBuildPhase;
			buildActionMask = 2147483647;
			files = (
				28577F651AC4666C00B62F20 /* OfficeDogStagramTests.m in Sources */,
			);
			runOnlyForDeploymentPostprocessing = 0;
		};
/* End PBXSourcesBuildPhase section */

/* Begin PBXTargetDependency section */
		28577F601AC4666C00B62F20 /* PBXTargetDependency */ = {
			isa = PBXTargetDependency;
			target = 28577F441AC4666C00B62F20 /* OfficeDogStagram */;
			targetProxy = 28577F5F1AC4666C00B62F20 /* PBXContainerItemProxy */;
		};
/* End PBXTargetDependency section */

/* Begin PBXVariantGroup section */
		28577F521AC4666C00B62F20 /* Main.storyboard */ = {
			isa = PBXVariantGroup;
			children = (
				28577F531AC4666C00B62F20 /* Base */,
			);
			name = Main.storyboard;
			sourceTree = "<group>";
		};
		28577F571AC4666C00B62F20 /* LaunchScreen.xib */ = {
			isa = PBXVariantGroup;
			children = (
				28577F581AC4666C00B62F20 /* Base */,
			);
			name = LaunchScreen.xib;
			sourceTree = "<group>";
		};
/* End PBXVariantGroup section */

/* Begin XCBuildConfiguration section */
		28577F661AC4666C00B62F20 /* Debug */ = {
			isa = XCBuildConfiguration;
			buildSettings = {
				ALWAYS_SEARCH_USER_PATHS = NO;
				CLANG_CXX_LANGUAGE_STANDARD = "gnu++0x";
				CLANG_CXX_LIBRARY = "libc++";
				CLANG_ENABLE_MODULES = YES;
				CLANG_ENABLE_OBJC_ARC = YES;
				CLANG_WARN_BOOL_CONVERSION = YES;
				CLANG_WARN_CONSTANT_CONVERSION = YES;
				CLANG_WARN_DIRECT_OBJC_ISA_USAGE = YES_ERROR;
				CLANG_WARN_EMPTY_BODY = YES;
				CLANG_WARN_ENUM_CONVERSION = YES;
				CLANG_WARN_INT_CONVERSION = YES;
				CLANG_WARN_OBJC_ROOT_CLASS = YES_ERROR;
				CLANG_WARN_UNREACHABLE_CODE = YES;
				CLANG_WARN__DUPLICATE_METHOD_MATCH = YES;
				"CODE_SIGN_IDENTITY[sdk=iphoneos*]" = "iPhone Developer";
				COPY_PHASE_STRIP = NO;
				ENABLE_STRICT_OBJC_MSGSEND = YES;
				GCC_C_LANGUAGE_STANDARD = gnu99;
				GCC_DYNAMIC_NO_PIC = NO;
				GCC_OPTIMIZATION_LEVEL = 0;
				GCC_PREPROCESSOR_DEFINITIONS = (
					"DEBUG=1",
					"$(inherited)",
				);
				GCC_SYMBOLS_PRIVATE_EXTERN = NO;
				GCC_WARN_64_TO_32_BIT_CONVERSION = YES;
				GCC_WARN_ABOUT_RETURN_TYPE = YES_ERROR;
				GCC_WARN_UNDECLARED_SELECTOR = YES;
				GCC_WARN_UNINITIALIZED_AUTOS = YES_AGGRESSIVE;
				GCC_WARN_UNUSED_FUNCTION = YES;
				GCC_WARN_UNUSED_VARIABLE = YES;
				IPHONEOS_DEPLOYMENT_TARGET = 8.1;
				MTL_ENABLE_DEBUG_INFO = YES;
				ONLY_ACTIVE_ARCH = YES;
				SDKROOT = iphoneos;
			};
			name = Debug;
		};
		28577F671AC4666C00B62F20 /* Release */ = {
			isa = XCBuildConfiguration;
			buildSettings = {
				ALWAYS_SEARCH_USER_PATHS = NO;
				CLANG_CXX_LANGUAGE_STANDARD = "gnu++0x";
				CLANG_CXX_LIBRARY = "libc++";
				CLANG_ENABLE_MODULES = YES;
				CLANG_ENABLE_OBJC_ARC = YES;
				CLANG_WARN_BOOL_CONVERSION = YES;
				CLANG_WARN_CONSTANT_CONVERSION = YES;
				CLANG_WARN_DIRECT_OBJC_ISA_USAGE = YES_ERROR;
				CLANG_WARN_EMPTY_BODY = YES;
				CLANG_WARN_ENUM_CONVERSION = YES;
				CLANG_WARN_INT_CONVERSION = YES;
				CLANG_WARN_OBJC_ROOT_CLASS = YES_ERROR;
				CLANG_WARN_UNREACHABLE_CODE = YES;
				CLANG_WARN__DUPLICATE_METHOD_MATCH = YES;
				"CODE_SIGN_IDENTITY[sdk=iphoneos*]" = "iPhone Developer";
				COPY_PHASE_STRIP = YES;
				ENABLE_NS_ASSERTIONS = NO;
				ENABLE_STRICT_OBJC_MSGSEND = YES;
				GCC_C_LANGUAGE_STANDARD = gnu99;
				GCC_WARN_64_TO_32_BIT_CONVERSION = YES;
				GCC_WARN_ABOUT_RETURN_TYPE = YES_ERROR;
				GCC_WARN_UNDECLARED_SELECTOR = YES;
				GCC_WARN_UNINITIALIZED_AUTOS = YES_AGGRESSIVE;
				GCC_WARN_UNUSED_FUNCTION = YES;
				GCC_WARN_UNUSED_VARIABLE = YES;
				IPHONEOS_DEPLOYMENT_TARGET = 8.1;
				MTL_ENABLE_DEBUG_INFO = NO;
				SDKROOT = iphoneos;
				VALIDATE_PRODUCT = YES;
			};
			name = Release;
		};
		28577F691AC4666C00B62F20 /* Debug */ = {
			isa = XCBuildConfiguration;
			buildSettings = {
				ASSETCATALOG_COMPILER_APPICON_NAME = AppIcon;
				INFOPLIST_FILE = OfficeDogStagram/Info.plist;
				LD_RUNPATH_SEARCH_PATHS = "$(inherited) @executable_path/Frameworks";
				PRODUCT_NAME = "$(TARGET_NAME)";
			};
			name = Debug;
		};
		28577F6A1AC4666C00B62F20 /* Release */ = {
			isa = XCBuildConfiguration;
			buildSettings = {
				ASSETCATALOG_COMPILER_APPICON_NAME = AppIcon;
				INFOPLIST_FILE = OfficeDogStagram/Info.plist;
				LD_RUNPATH_SEARCH_PATHS = "$(inherited) @executable_path/Frameworks";
				PRODUCT_NAME = "$(TARGET_NAME)";
			};
			name = Release;
		};
		28577F6C1AC4666C00B62F20 /* Debug */ = {
			isa = XCBuildConfiguration;
			buildSettings = {
				BUNDLE_LOADER = "$(TEST_HOST)";
				FRAMEWORK_SEARCH_PATHS = (
					"$(SDKROOT)/Developer/Library/Frameworks",
					"$(inherited)",
				);
				GCC_PREPROCESSOR_DEFINITIONS = (
					"DEBUG=1",
					"$(inherited)",
				);
				INFOPLIST_FILE = OfficeDogStagramTests/Info.plist;
				LD_RUNPATH_SEARCH_PATHS = "$(inherited) @executable_path/Frameworks @loader_path/Frameworks";
				PRODUCT_NAME = "$(TARGET_NAME)";
				TEST_HOST = "$(BUILT_PRODUCTS_DIR)/OfficeDogStagram.app/OfficeDogStagram";
			};
			name = Debug;
		};
		28577F6D1AC4666C00B62F20 /* Release */ = {
			isa = XCBuildConfiguration;
			buildSettings = {
				BUNDLE_LOADER = "$(TEST_HOST)";
				FRAMEWORK_SEARCH_PATHS = (
					"$(SDKROOT)/Developer/Library/Frameworks",
					"$(inherited)",
				);
				INFOPLIST_FILE = OfficeDogStagramTests/Info.plist;
				LD_RUNPATH_SEARCH_PATHS = "$(inherited) @executable_path/Frameworks @loader_path/Frameworks";
				PRODUCT_NAME = "$(TARGET_NAME)";
				TEST_HOST = "$(BUILT_PRODUCTS_DIR)/OfficeDogStagram.app/OfficeDogStagram";
			};
			name = Release;
		};
/* End XCBuildConfiguration section */

/* Begin XCConfigurationList section */
		28577F401AC4666C00B62F20 /* Build configuration list for PBXProject "OfficeDogStagram" */ = {
			isa = XCConfigurationList;
			buildConfigurations = (
				28577F661AC4666C00B62F20 /* Debug */,
				28577F671AC4666C00B62F20 /* Release */,
			);
			defaultConfigurationIsVisible = 0;
			defaultConfigurationName = Release;
		};
		28577F681AC4666C00B62F20 /* Build configuration list for PBXNativeTarget "OfficeDogStagram" */ = {
			isa = XCConfigurationList;
			buildConfigurations = (
				28577F691AC4666C00B62F20 /* Debug */,
				28577F6A1AC4666C00B62F20 /* Release */,
			);
			defaultConfigurationIsVisible = 0;
		};
		28577F6B1AC4666C00B62F20 /* Build configuration list for PBXNativeTarget "OfficeDogStagramTests" */ = {
			isa = XCConfigurationList;
			buildConfigurations = (
				28577F6C1AC4666C00B62F20 /* Debug */,
				28577F6D1AC4666C00B62F20 /* Release */,
			);
			defaultConfigurationIsVisible = 0;
		};
/* End XCConfigurationList section */
	};
	rootObject = 28577F3D1AC4666C00B62F20 /* Project object */;
}
